
Microsoft Visual Studio Solution File, Format Version 12.00
# Visual Studio Version 17
VisualStudioVersion = 17.5.33502.453
MinimumVisualStudioVersion = 10.0.40219.1
Project("{FAE04EC0-301F-11D3-BF4B-00C04F79EFBC}") = "MatchGame", "MatchGame\MatchGame.csproj", "{B11521D5-C349-4E61-BB86-F8A16E2D5D25}"
EndProject
Global
	GlobalSection(SolutionConfigurationPlatforms) = preSolution
		Debug|Any CPU = Debug|Any CPU
		Release|Any CPU = Release|Any CPU
	EndGlobalSection
	GlobalSection(ProjectConfigurationPlatforms) = postSolution
		{B11521D5-C349-4E61-BB86-F8A16E2D5D25}.Debug|Any CPU.ActiveCfg = Debug|Any CPU
		{B11521D5-C349-4E61-BB86-F8A16E2D5D25}.Debug|Any CPU.Build.0 = Debug|Any CPU
		{B11521D5-C349-4E61-BB86-F8A16E2D5D25}.Release|Any CPU.ActiveCfg = Release|Any CPU
		{B11521D5-C349-4E61-BB86-F8A16E2D5D25}.Release|Any CPU.Build.0 = Release|Any CPU
	EndGlobalSection
	GlobalSection(SolutionProperties) = preSolution
		HideSolutionNode = FALSE
	EndGlobalSection
	GlobalSection(ExtensibilityGlobals) = postSolution
		SolutionGuid = {7FB9059C-8958-4862-B25E-C58DA8E2BA5B}
	EndGlobalSection
EndGlobal
